// !$*UTF8*$!
{
	archiveVersion = 1;
	classes = {
	};
	objectVersion = 55;
	objects = {

/* Begin PBXBuildFile section */
		11274090231709D04D6CDBD4 /* Pods_challenge_job_readiness.framework in Frameworks */ = {isa = PBXBuildFile; fileRef = 0B3AE07CF4E0C11236EDE267 /* Pods_challenge_job_readiness.framework */; };
		DA480E3D28D114E50012F8A7 /* HomeTableViewCell.swift in Sources */ = {isa = PBXBuildFile; fileRef = DA480E3C28D114E50012F8A7 /* HomeTableViewCell.swift */; };
		DA825A2328CFA00400D51D99 /* AppDelegate.swift in Sources */ = {isa = PBXBuildFile; fileRef = DA825A2228CFA00400D51D99 /* AppDelegate.swift */; };
		DA825A2528CFA00400D51D99 /* SceneDelegate.swift in Sources */ = {isa = PBXBuildFile; fileRef = DA825A2428CFA00400D51D99 /* SceneDelegate.swift */; };
		DA825A2728CFA00400D51D99 /* HomeViewController.swift in Sources */ = {isa = PBXBuildFile; fileRef = DA825A2628CFA00400D51D99 /* HomeViewController.swift */; };
		DA825A2C28CFA00500D51D99 /* Assets.xcassets in Resources */ = {isa = PBXBuildFile; fileRef = DA825A2B28CFA00500D51D99 /* Assets.xcassets */; };
		DA825A2F28CFA00500D51D99 /* LaunchScreen.storyboard in Resources */ = {isa = PBXBuildFile; fileRef = DA825A2D28CFA00500D51D99 /* LaunchScreen.storyboard */; };
		DADF568928D634DA00D45753 /* Constants.swift in Sources */ = {isa = PBXBuildFile; fileRef = DADF568828D634DA00D45753 /* Constants.swift */; };
		DADF568B28D636C900D45753 /* Service.swift in Sources */ = {isa = PBXBuildFile; fileRef = DADF568A28D636C900D45753 /* Service.swift */; };
		DADF568E28D7BABF00D45753 /* NetworkModels.swift in Sources */ = {isa = PBXBuildFile; fileRef = DADF568D28D7BABF00D45753 /* NetworkModels.swift */; };
		DADF569028D7BB4A00D45753 /* SearchService.swift in Sources */ = {isa = PBXBuildFile; fileRef = DADF568F28D7BB4A00D45753 /* SearchService.swift */; };
/* End PBXBuildFile section */

/* Begin PBXFileReference section */
		0B3AE07CF4E0C11236EDE267 /* Pods_challenge_job_readiness.framework */ = {isa = PBXFileReference; explicitFileType = wrapper.framework; includeInIndex = 0; path = Pods_challenge_job_readiness.framework; sourceTree = BUILT_PRODUCTS_DIR; };
		7CC51028AD90B7E52296FAC0 /* Pods-challenge-job-readiness.debug.xcconfig */ = {isa = PBXFileReference; includeInIndex = 1; lastKnownFileType = text.xcconfig; name = "Pods-challenge-job-readiness.debug.xcconfig"; path = "Target Support Files/Pods-challenge-job-readiness/Pods-challenge-job-readiness.debug.xcconfig"; sourceTree = "<group>"; };
		DA480E3C28D114E50012F8A7 /* HomeTableViewCell.swift */ = {isa = PBXFileReference; lastKnownFileType = sourcecode.swift; path = HomeTableViewCell.swift; sourceTree = "<group>"; };
		DA825A1F28CFA00400D51D99 /* challenge-job-readiness.app */ = {isa = PBXFileReference; explicitFileType = wrapper.application; includeInIndex = 0; path = "challenge-job-readiness.app"; sourceTree = BUILT_PRODUCTS_DIR; };
		DA825A2228CFA00400D51D99 /* AppDelegate.swift */ = {isa = PBXFileReference; lastKnownFileType = sourcecode.swift; path = AppDelegate.swift; sourceTree = "<group>"; };
		DA825A2428CFA00400D51D99 /* SceneDelegate.swift */ = {isa = PBXFileReference; lastKnownFileType = sourcecode.swift; path = SceneDelegate.swift; sourceTree = "<group>"; };
		DA825A2628CFA00400D51D99 /* HomeViewController.swift */ = {isa = PBXFileReference; lastKnownFileType = sourcecode.swift; path = HomeViewController.swift; sourceTree = "<group>"; };
		DA825A2B28CFA00500D51D99 /* Assets.xcassets */ = {isa = PBXFileReference; lastKnownFileType = folder.assetcatalog; path = Assets.xcassets; sourceTree = "<group>"; };
		DA825A2E28CFA00500D51D99 /* Base */ = {isa = PBXFileReference; lastKnownFileType = file.storyboard; name = Base; path = Base.lproj/LaunchScreen.storyboard; sourceTree = "<group>"; };
		DA825A3028CFA00500D51D99 /* Info.plist */ = {isa = PBXFileReference; lastKnownFileType = text.plist.xml; path = Info.plist; sourceTree = "<group>"; };
		DADF568828D634DA00D45753 /* Constants.swift */ = {isa = PBXFileReference; lastKnownFileType = sourcecode.swift; path = Constants.swift; sourceTree = "<group>"; };
		DADF568A28D636C900D45753 /* Service.swift */ = {isa = PBXFileReference; lastKnownFileType = sourcecode.swift; path = Service.swift; sourceTree = "<group>"; };
		DADF568D28D7BABF00D45753 /* NetworkModels.swift */ = {isa = PBXFileReference; lastKnownFileType = sourcecode.swift; path = NetworkModels.swift; sourceTree = "<group>"; };
		DADF568F28D7BB4A00D45753 /* SearchService.swift */ = {isa = PBXFileReference; lastKnownFileType = sourcecode.swift; path = SearchService.swift; sourceTree = "<group>"; };
		FFED7E0CDB8BB03713944DD5 /* Pods-challenge-job-readiness.release.xcconfig */ = {isa = PBXFileReference; includeInIndex = 1; lastKnownFileType = text.xcconfig; name = "Pods-challenge-job-readiness.release.xcconfig"; path = "Target Support Files/Pods-challenge-job-readiness/Pods-challenge-job-readiness.release.xcconfig"; sourceTree = "<group>"; };
/* End PBXFileReference section */

/* Begin PBXFrameworksBuildPhase section */
		DA825A1C28CFA00400D51D99 /* Frameworks */ = {
			isa = PBXFrameworksBuildPhase;
			buildActionMask = 2147483647;
			files = (
				11274090231709D04D6CDBD4 /* Pods_challenge_job_readiness.framework in Frameworks */,
			);
			runOnlyForDeploymentPostprocessing = 0;
		};
/* End PBXFrameworksBuildPhase section */

/* Begin PBXGroup section */
		39EB15B3446C1DA5F728DD26 /* Pods */ = {
			isa = PBXGroup;
			children = (
				7CC51028AD90B7E52296FAC0 /* Pods-challenge-job-readiness.debug.xcconfig */,
				FFED7E0CDB8BB03713944DD5 /* Pods-challenge-job-readiness.release.xcconfig */,
			);
			path = Pods;
			sourceTree = "<group>";
		};
		C92811CB15AA516D394BB9EE /* Frameworks */ = {
			isa = PBXGroup;
			children = (
				0B3AE07CF4E0C11236EDE267 /* Pods_challenge_job_readiness.framework */,
			);
			name = Frameworks;
			sourceTree = "<group>";
		};
		DA480E4228D625540012F8A7 /* SearchView */ = {
			isa = PBXGroup;
			children = (
				DADF568F28D7BB4A00D45753 /* SearchService.swift */,
			);
			path = SearchView;
			sourceTree = "<group>";
		};
		DA480E4328D6255E0012F8A7 /* DetailView */ = {
			isa = PBXGroup;
			children = (
			);
			path = DetailView;
			sourceTree = "<group>";
		};
		DA480E4428D626A40012F8A7 /* NetworkLayer */ = {
			isa = PBXGroup;
			children = (
				DADF568C28D7BAB300D45753 /* Models */,
				DADF568728D634C300D45753 /* Base */,
			);
			path = NetworkLayer;
			sourceTree = "<group>";
		};
		DA825A1628CFA00400D51D99 = {
			isa = PBXGroup;
			children = (
				DA825A2128CFA00400D51D99 /* challenge-job-readiness */,
				DA825A2028CFA00400D51D99 /* Products */,
				39EB15B3446C1DA5F728DD26 /* Pods */,
				C92811CB15AA516D394BB9EE /* Frameworks */,
			);
			sourceTree = "<group>";
		};
		DA825A2028CFA00400D51D99 /* Products */ = {
			isa = PBXGroup;
			children = (
				DA825A1F28CFA00400D51D99 /* challenge-job-readiness.app */,
			);
			name = Products;
			sourceTree = "<group>";
		};
		DA825A2128CFA00400D51D99 /* challenge-job-readiness */ = {
			isa = PBXGroup;
			children = (
				DA480E4428D626A40012F8A7 /* NetworkLayer */,
				DA480E4328D6255E0012F8A7 /* DetailView */,
				DA480E4228D625540012F8A7 /* SearchView */,
				DA825A2228CFA00400D51D99 /* AppDelegate.swift */,
				DA825A2428CFA00400D51D99 /* SceneDelegate.swift */,
				DA825A2628CFA00400D51D99 /* HomeViewController.swift */,
				DA825A2B28CFA00500D51D99 /* Assets.xcassets */,
				DA825A2D28CFA00500D51D99 /* LaunchScreen.storyboard */,
				DA825A3028CFA00500D51D99 /* Info.plist */,
				DA480E3C28D114E50012F8A7 /* HomeTableViewCell.swift */,
			);
			path = "challenge-job-readiness";
			sourceTree = "<group>";
		};
		DADF568728D634C300D45753 /* Base */ = {
			isa = PBXGroup;
			children = (
				DADF568828D634DA00D45753 /* Constants.swift */,
				DADF568A28D636C900D45753 /* Service.swift */,
			);
			path = Base;
			sourceTree = "<group>";
		};
		DADF568C28D7BAB300D45753 /* Models */ = {
			isa = PBXGroup;
			children = (
				DADF568D28D7BABF00D45753 /* NetworkModels.swift */,
			);
			path = Models;
			sourceTree = "<group>";
		};
/* End PBXGroup section */

/* Begin PBXNativeTarget section */
		DA825A1E28CFA00400D51D99 /* challenge-job-readiness */ = {
			isa = PBXNativeTarget;
			buildConfigurationList = DA825A3328CFA00500D51D99 /* Build configuration list for PBXNativeTarget "challenge-job-readiness" */;
			buildPhases = (
				9D56C97CF0F593AA800BE41A /* [CP] Check Pods Manifest.lock */,
				DA825A1B28CFA00400D51D99 /* Sources */,
				DA825A1C28CFA00400D51D99 /* Frameworks */,
				DA825A1D28CFA00400D51D99 /* Resources */,
				535849FE8D2305BD42689292 /* [CP] Embed Pods Frameworks */,
			);
			buildRules = (
			);
			dependencies = (
			);
			name = "challenge-job-readiness";
			productName = "challenge-job-readiness";
			productReference = DA825A1F28CFA00400D51D99 /* challenge-job-readiness.app */;
			productType = "com.apple.product-type.application";
		};
/* End PBXNativeTarget section */

/* Begin PBXProject section */
		DA825A1728CFA00400D51D99 /* Project object */ = {
			isa = PBXProject;
			attributes = {
				BuildIndependentTargetsInParallel = 1;
				LastSwiftUpdateCheck = 1340;
				LastUpgradeCheck = 1340;
				TargetAttributes = {
					DA825A1E28CFA00400D51D99 = {
						CreatedOnToolsVersion = 13.4.1;
					};
				};
			};
			buildConfigurationList = DA825A1A28CFA00400D51D99 /* Build configuration list for PBXProject "challenge-job-readiness" */;
			compatibilityVersion = "Xcode 13.0";
			developmentRegion = en;
			hasScannedForEncodings = 0;
			knownRegions = (
				en,
				Base,
			);
			mainGroup = DA825A1628CFA00400D51D99;
			productRefGroup = DA825A2028CFA00400D51D99 /* Products */;
			projectDirPath = "";
			projectRoot = "";
			targets = (
				DA825A1E28CFA00400D51D99 /* challenge-job-readiness */,
			);
		};
/* End PBXProject section */

/* Begin PBXResourcesBuildPhase section */
		DA825A1D28CFA00400D51D99 /* Resources */ = {
			isa = PBXResourcesBuildPhase;
			buildActionMask = 2147483647;
			files = (
				DA825A2F28CFA00500D51D99 /* LaunchScreen.storyboard in Resources */,
				DA825A2C28CFA00500D51D99 /* Assets.xcassets in Resources */,
			);
			runOnlyForDeploymentPostprocessing = 0;
		};
/* End PBXResourcesBuildPhase section */

/* Begin PBXShellScriptBuildPhase section */
		535849FE8D2305BD42689292 /* [CP] Embed Pods Frameworks */ = {
			isa = PBXShellScriptBuildPhase;
			buildActionMask = 2147483647;
			files = (
			);
			inputFileListPaths = (
				"${PODS_ROOT}/Target Support Files/Pods-challenge-job-readiness/Pods-challenge-job-readiness-frameworks-${CONFIGURATION}-input-files.xcfilelist",
			);
			name = "[CP] Embed Pods Frameworks";
			outputFileListPaths = (
				"${PODS_ROOT}/Target Support Files/Pods-challenge-job-readiness/Pods-challenge-job-readiness-frameworks-${CONFIGURATION}-output-files.xcfilelist",
			);
			runOnlyForDeploymentPostprocessing = 0;
			shellPath = /bin/sh;
			shellScript = "\"${PODS_ROOT}/Target Support Files/Pods-challenge-job-readiness/Pods-challenge-job-readiness-frameworks.sh\"\n";
			showEnvVarsInLog = 0;
		};
		9D56C97CF0F593AA800BE41A /* [CP] Check Pods Manifest.lock */ = {
			isa = PBXShellScriptBuildPhase;
			buildActionMask = 2147483647;
			files = (
			);
			inputFileListPaths = (
			);
			inputPaths = (
				"${PODS_PODFILE_DIR_PATH}/Podfile.lock",
				"${PODS_ROOT}/Manifest.lock",
			);
			name = "[CP] Check Pods Manifest.lock";
			outputFileListPaths = (
			);
			outputPaths = (
				"$(DERIVED_FILE_DIR)/Pods-challenge-job-readiness-checkManifestLockResult.txt",
			);
			runOnlyForDeploymentPostprocessing = 0;
			shellPath = /bin/sh;
			shellScript = "diff \"${PODS_PODFILE_DIR_PATH}/Podfile.lock\" \"${PODS_ROOT}/Manifest.lock\" > /dev/null\nif [ $? != 0 ] ; then\n    # print error to STDERR\n    echo \"error: The sandbox is not in sync with the Podfile.lock. Run 'pod install' or update your CocoaPods installation.\" >&2\n    exit 1\nfi\n# This output is used by Xcode 'outputs' to avoid re-running this script phase.\necho \"SUCCESS\" > \"${SCRIPT_OUTPUT_FILE_0}\"\n";
			showEnvVarsInLog = 0;
		};
/* End PBXShellScriptBuildPhase section */

/* Begin PBXSourcesBuildPhase section */
		DA825A1B28CFA00400D51D99 /* Sources */ = {
			isa = PBXSourcesBuildPhase;
			buildActionMask = 2147483647;
			files = (
				DA825A2728CFA00400D51D99 /* HomeViewController.swift in Sources */,
				DA825A2328CFA00400D51D99 /* AppDelegate.swift in Sources */,
				DADF568E28D7BABF00D45753 /* NetworkModels.swift in Sources */,
				DADF568928D634DA00D45753 /* Constants.swift in Sources */,
				DA480E3D28D114E50012F8A7 /* HomeTableViewCell.swift in Sources */,
				DADF569028D7BB4A00D45753 /* SearchService.swift in Sources */,
				DA825A2528CFA00400D51D99 /* SceneDelegate.swift in Sources */,
				DADF568B28D636C900D45753 /* Service.swift in Sources */,
			);
			runOnlyForDeploymentPostprocessing = 0;
		};
/* End PBXSourcesBuildPhase section */

/* Begin PBXVariantGroup section */
		DA825A2D28CFA00500D51D99 /* LaunchScreen.storyboard */ = {
			isa = PBXVariantGroup;
			children = (
				DA825A2E28CFA00500D51D99 /* Base */,
			);
			name = LaunchScreen.storyboard;
			sourceTree = "<group>";
		};
/* End PBXVariantGroup section */

/* Begin XCBuildConfiguration section */
		DA825A3128CFA00500D51D99 /* Debug */ = {
			isa = XCBuildConfiguration;
			buildSettings = {
				ALWAYS_SEARCH_USER_PATHS = NO;
				CLANG_ANALYZER_NONNULL = YES;
				CLANG_ANALYZER_NUMBER_OBJECT_CONVERSION = YES_AGGRESSIVE;
				CLANG_CXX_LANGUAGE_STANDARD = "gnu++17";
				CLANG_ENABLE_MODULES = YES;
				CLANG_ENABLE_OBJC_ARC = YES;
				CLANG_ENABLE_OBJC_WEAK = YES;
				CLANG_WARN_BLOCK_CAPTURE_AUTORELEASING = YES;
				CLANG_WARN_BOOL_CONVERSION = YES;
				CLANG_WARN_COMMA = YES;
				CLANG_WARN_CONSTANT_CONVERSION = YES;
				CLANG_WARN_DEPRECATED_OBJC_IMPLEMENTATIONS = YES;
				CLANG_WARN_DIRECT_OBJC_ISA_USAGE = YES_ERROR;
				CLANG_WARN_DOCUMENTATION_COMMENTS = YES;
				CLANG_WARN_EMPTY_BODY = YES;
				CLANG_WARN_ENUM_CONVERSION = YES;
				CLANG_WARN_INFINITE_RECURSION = YES;
				CLANG_WARN_INT_CONVERSION = YES;
				CLANG_WARN_NON_LITERAL_NULL_CONVERSION = YES;
				CLANG_WARN_OBJC_IMPLICIT_RETAIN_SELF = YES;
				CLANG_WARN_OBJC_LITERAL_CONVERSION = YES;
				CLANG_WARN_OBJC_ROOT_CLASS = YES_ERROR;
				CLANG_WARN_QUOTED_INCLUDE_IN_FRAMEWORK_HEADER = YES;
				CLANG_WARN_RANGE_LOOP_ANALYSIS = YES;
				CLANG_WARN_STRICT_PROTOTYPES = YES;
				CLANG_WARN_SUSPICIOUS_MOVE = YES;
				CLANG_WARN_UNGUARDED_AVAILABILITY = YES_AGGRESSIVE;
				CLANG_WARN_UNREACHABLE_CODE = YES;
				CLANG_WARN__DUPLICATE_METHOD_MATCH = YES;
				COPY_PHASE_STRIP = NO;
				DEBUG_INFORMATION_FORMAT = dwarf;
				ENABLE_STRICT_OBJC_MSGSEND = YES;
				ENABLE_TESTABILITY = YES;
				GCC_C_LANGUAGE_STANDARD = gnu11;
				GCC_DYNAMIC_NO_PIC = NO;
				GCC_NO_COMMON_BLOCKS = YES;
				GCC_OPTIMIZATION_LEVEL = 0;
				GCC_PREPROCESSOR_DEFINITIONS = (
					"DEBUG=1",
					"$(inherited)",
				);
				GCC_WARN_64_TO_32_BIT_CONVERSION = YES;
				GCC_WARN_ABOUT_RETURN_TYPE = YES_ERROR;
				GCC_WARN_UNDECLARED_SELECTOR = YES;
				GCC_WARN_UNINITIALIZED_AUTOS = YES_AGGRESSIVE;
				GCC_WARN_UNUSED_FUNCTION = YES;
				GCC_WARN_UNUSED_VARIABLE = YES;
				IPHONEOS_DEPLOYMENT_TARGET = 15.5;
				MTL_ENABLE_DEBUG_INFO = INCLUDE_SOURCE;
				MTL_FAST_MATH = YES;
				ONLY_ACTIVE_ARCH = YES;
				SDKROOT = iphoneos;
				SWIFT_ACTIVE_COMPILATION_CONDITIONS = DEBUG;
				SWIFT_OPTIMIZATION_LEVEL = "-Onone";
			};
			name = Debug;
		};
		DA825A3228CFA00500D51D99 /* Release */ = {
			isa = XCBuildConfiguration;
			buildSettings = {
				ALWAYS_SEARCH_USER_PATHS = NO;
				CLANG_ANALYZER_NONNULL = YES;
				CLANG_ANALYZER_NUMBER_OBJECT_CONVERSION = YES_AGGRESSIVE;
				CLANG_CXX_LANGUAGE_STANDARD = "gnu++17";
				CLANG_ENABLE_MODULES = YES;
				CLANG_ENABLE_OBJC_ARC = YES;
				CLANG_ENABLE_OBJC_WEAK = YES;
				CLANG_WARN_BLOCK_CAPTURE_AUTORELEASING = YES;
				CLANG_WARN_BOOL_CONVERSION = YES;
				CLANG_WARN_COMMA = YES;
				CLANG_WARN_CONSTANT_CONVERSION = YES;
				CLANG_WARN_DEPRECATED_OBJC_IMPLEMENTATIONS = YES;
				CLANG_WARN_DIRECT_OBJC_ISA_USAGE = YES_ERROR;
				CLANG_WARN_DOCUMENTATION_COMMENTS = YES;
				CLANG_WARN_EMPTY_BODY = YES;
				CLANG_WARN_ENUM_CONVERSION = YES;
				CLANG_WARN_INFINITE_RECURSION = YES;
				CLANG_WARN_INT_CONVERSION = YES;
				CLANG_WARN_NON_LITERAL_NULL_CONVERSION = YES;
				CLANG_WARN_OBJC_IMPLICIT_RETAIN_SELF = YES;
				CLANG_WARN_OBJC_LITERAL_CONVERSION = YES;
				CLANG_WARN_OBJC_ROOT_CLASS = YES_ERROR;
				CLANG_WARN_QUOTED_INCLUDE_IN_FRAMEWORK_HEADER = YES;
				CLANG_WARN_RANGE_LOOP_ANALYSIS = YES;
				CLANG_WARN_STRICT_PROTOTYPES = YES;
				CLANG_WARN_SUSPICIOUS_MOVE = YES;
				CLANG_WARN_UNGUARDED_AVAILABILITY = YES_AGGRESSIVE;
				CLANG_WARN_UNREACHABLE_CODE = YES;
				CLANG_WARN__DUPLICATE_METHOD_MATCH = YES;
				COPY_PHASE_STRIP = NO;
				DEBUG_INFORMATION_FORMAT = "dwarf-with-dsym";
				ENABLE_NS_ASSERTIONS = NO;
				ENABLE_STRICT_OBJC_MSGSEND = YES;
				GCC_C_LANGUAGE_STANDARD = gnu11;
				GCC_NO_COMMON_BLOCKS = YES;
				GCC_WARN_64_TO_32_BIT_CONVERSION = YES;
				GCC_WARN_ABOUT_RETURN_TYPE = YES_ERROR;
				GCC_WARN_UNDECLARED_SELECTOR = YES;
				GCC_WARN_UNINITIALIZED_AUTOS = YES_AGGRESSIVE;
				GCC_WARN_UNUSED_FUNCTION = YES;
				GCC_WARN_UNUSED_VARIABLE = YES;
				IPHONEOS_DEPLOYMENT_TARGET = 15.5;
				MTL_ENABLE_DEBUG_INFO = NO;
				MTL_FAST_MATH = YES;
				SDKROOT = iphoneos;
				SWIFT_COMPILATION_MODE = wholemodule;
				SWIFT_OPTIMIZATION_LEVEL = "-O";
				VALIDATE_PRODUCT = YES;
			};
			name = Release;
		};
		DA825A3428CFA00500D51D99 /* Debug */ = {
			isa = XCBuildConfiguration;
			baseConfigurationReference = 7CC51028AD90B7E52296FAC0 /* Pods-challenge-job-readiness.debug.xcconfig */;
			buildSettings = {
				ASSETCATALOG_COMPILER_APPICON_NAME = AppIcon;
				ASSETCATALOG_COMPILER_GLOBAL_ACCENT_COLOR_NAME = AccentColor;
				CODE_SIGN_STYLE = Automatic;
				CURRENT_PROJECT_VERSION = 1;
				DEVELOPMENT_TEAM = DYHZG543WG;
				GENERATE_INFOPLIST_FILE = YES;
				INFOPLIST_FILE = "challenge-job-readiness/Info.plist";
				INFOPLIST_KEY_UIApplicationSupportsIndirectInputEvents = YES;
				INFOPLIST_KEY_UILaunchStoryboardName = LaunchScreen;
				INFOPLIST_KEY_UISupportedInterfaceOrientations_iPad = "UIInterfaceOrientationPortrait UIInterfaceOrientationPortraitUpsideDown UIInterfaceOrientationLandscapeLeft UIInterfaceOrientationLandscapeRight";
				INFOPLIST_KEY_UISupportedInterfaceOrientations_iPhone = "UIInterfaceOrientationPortrait UIInterfaceOrientationLandscapeLeft UIInterfaceOrientationLandscapeRight";
				LD_RUNPATH_SEARCH_PATHS = (
					"$(inherited)",
					"@executable_path/Frameworks",
				);
				MARKETING_VERSION = 1.0;
				PRODUCT_BUNDLE_IDENTIFIER = "camilaebf.challenge-job-readiness";
				PRODUCT_NAME = "$(TARGET_NAME)";
				SWIFT_EMIT_LOC_STRINGS = YES;
				SWIFT_VERSION = 5.0;
				TARGETED_DEVICE_FAMILY = "1,2";
			};
			name = Debug;
		};
		DA825A3528CFA00500D51D99 /* Release */ = {
			isa = XCBuildConfiguration;
			baseConfigurationReference = FFED7E0CDB8BB03713944DD5 /* Pods-challenge-job-readiness.release.xcconfig */;
			buildSettings = {
				ASSETCATALOG_COMPILER_APPICON_NAME = AppIcon;
				ASSETCATALOG_COMPILER_GLOBAL_ACCENT_COLOR_NAME = AccentColor;
				CODE_SIGN_STYLE = Automatic;
				CURRENT_PROJECT_VERSION = 1;
				DEVELOPMENT_TEAM = DYHZG543WG;
				GENERATE_INFOPLIST_FILE = YES;
				INFOPLIST_FILE = "challenge-job-readiness/Info.plist";
				INFOPLIST_KEY_UIApplicationSupportsIndirectInputEvents = YES;
				INFOPLIST_KEY_UILaunchStoryboardName = LaunchScreen;
				INFOPLIST_KEY_UISupportedInterfaceOrientations_iPad = "UIInterfaceOrientationPortrait UIInterfaceOrientationPortraitUpsideDown UIInterfaceOrientationLandscapeLeft UIInterfaceOrientationLandscapeRight";
				INFOPLIST_KEY_UISupportedInterfaceOrientations_iPhone = "UIInterfaceOrientationPortrait UIInterfaceOrientationLandscapeLeft UIInterfaceOrientationLandscapeRight";
				LD_RUNPATH_SEARCH_PATHS = (
					"$(inherited)",
					"@executable_path/Frameworks",
				);
				MARKETING_VERSION = 1.0;
				PRODUCT_BUNDLE_IDENTIFIER = "camilaebf.challenge-job-readiness";
				PRODUCT_NAME = "$(TARGET_NAME)";
				SWIFT_EMIT_LOC_STRINGS = YES;
				SWIFT_VERSION = 5.0;
				TARGETED_DEVICE_FAMILY = "1,2";
			};
			name = Release;
		};
/* End XCBuildConfiguration section */

/* Begin XCConfigurationList section */
		DA825A1A28CFA00400D51D99 /* Build configuration list for PBXProject "challenge-job-readiness" */ = {
			isa = XCConfigurationList;
			buildConfigurations = (
				DA825A3128CFA00500D51D99 /* Debug */,
				DA825A3228CFA00500D51D99 /* Release */,
			);
			defaultConfigurationIsVisible = 0;
			defaultConfigurationName = Release;
		};
		DA825A3328CFA00500D51D99 /* Build configuration list for PBXNativeTarget "challenge-job-readiness" */ = {
			isa = XCConfigurationList;
			buildConfigurations = (
				DA825A3428CFA00500D51D99 /* Debug */,
				DA825A3528CFA00500D51D99 /* Release */,
			);
			defaultConfigurationIsVisible = 0;
			defaultConfigurationName = Release;
		};
/* End XCConfigurationList section */
	};
	rootObject = DA825A1728CFA00400D51D99 /* Project object */;
}
